
Microsoft Visual Studio Solution File, Format Version 12.00
# Visual Studio Version 16
VisualStudioVersion = 16.0.29009.5
MinimumVisualStudioVersion = 10.0.40219.1
Project("{FAE04EC0-301F-11D3-BF4B-00C04F79EFBC}") = "Taki", "Taki\Taki.csproj", "{4076B0AD-130A-405F-B211-E0ECEC9740A8}"
EndProject
Global
	GlobalSection(SolutionConfigurationPlatforms) = preSolution
		Debug|Any CPU = Debug|Any CPU
		Release|Any CPU = Release|Any CPU
	EndGlobalSection
	GlobalSection(ProjectConfigurationPlatforms) = postSolution
		{4076B0AD-130A-405F-B211-E0ECEC9740A8}.Debug|Any CPU.ActiveCfg = Debug|Any CPU
		{4076B0AD-130A-405F-B211-E0ECEC9740A8}.Debug|Any CPU.Build.0 = Debug|Any CPU
		{4076B0AD-130A-405F-B211-E0ECEC9740A8}.Release|Any CPU.ActiveCfg = Release|Any CPU
		{4076B0AD-130A-405F-B211-E0ECEC9740A8}.Release|Any CPU.Build.0 = Release|Any CPU
	EndGlobalSection
	GlobalSection(SolutionProperties) = preSolution
		HideSolutionNode = FALSE
	EndGlobalSection
	GlobalSection(ExtensibilityGlobals) = postSolution
		SolutionGuid = {5FA5D0E2-5E0C-4BE8-9C31-348FA6BACF98}
	EndGlobalSection
EndGlobal
